# This file is autogenerated, do not edit; changes may be undone by the next 'dep ensure'.


[[projects]]
  branch = "master"
  name = "github.com/Unknwon/com"
  packages = ["."]
  revision = "7677a1d7c1137cd3dd5ba7a076d0c898a1ef4520"

[[projects]]
  branch = "master"
  name = "github.com/flosch/pongo2"
  packages = ["."]
  revision = "e7cf9ea5ca9c574f3fd5f83f7eed4a6162a67dea"

[[projects]]
  branch = "master"
  name = "github.com/go-macaron/cache"
  packages = ["."]
  revision = "56173531277692bc2925924d51fda1cd0a6b8178"

[[projects]]
  branch = "master"
  name = "github.com/go-macaron/csrf"
  packages = ["."]
  revision = "503617c6b37257a55dff6293ec28556506c3a9a8"

[[projects]]
  branch = "master"
  name = "github.com/go-macaron/gzip"
  packages = ["."]
  revision = "cad1c6580a07c56f5f6bc52d66002a05985c5854"

[[projects]]
  branch = "master"
  name = "github.com/go-macaron/inject"
  packages = ["."]
  revision = "d8a0b8677191f4380287cfebd08e462217bac7ad"

[[projects]]
  branch = "master"
  name = "github.com/go-macaron/pongo2"
  packages = ["."]
  revision = "28e8bf81cad72bee3aa5fef3d2fd7210b9b97b3f"

[[projects]]
  branch = "master"
  name = "github.com/go-macaron/session"
  packages = ["."]
  revision = "b8e286a0dba8f4999042d6b258daf51b31d08938"

[[projects]]
  branch = "master"
  name = "github.com/go-macaron/toolbox"
  packages = ["."]
  revision = "6766b8f16d1b135b250f09ba4dc4e24ab65b1107"

[[projects]]
  name = "github.com/go-sql-driver/mysql"
  packages = ["."]
  revision = "d523deb1b23d913de5bdada721a6071e71283618"
  version = "v1.4.0"

[[projects]]
  name = "github.com/go-xorm/builder"
  packages = ["."]
  revision = "bad0a612f0d6277b953910822ab5dfb30dd18237"
  version = "v0.2.0"

[[projects]]
  name = "github.com/go-xorm/core"
  packages = ["."]
  revision = "c10e21e7e1cec20e09398f2dfae385e58c8df555"
  version = "v0.6.0"

[[projects]]
  name = "github.com/go-xorm/xorm"
  packages = ["."]
  revision = "d85bb4911c725a53b135fc12862748a41b6c07da"
  version = "v0.7.0"

[[projects]]
  branch = "master"
  name = "github.com/juju/errors"
  packages = ["."]
  revision = "c7d06af17c68cd34c835053720b21f6549d9b0ee"

[[projects]]
  name = "github.com/klauspost/compress"
  packages = [
    "flate",
    "gzip"
  ]
  revision = "6c8db69c4b49dd4df1fff66996cf556176d0b9bf"
  version = "v1.2.1"

[[projects]]
  name = "github.com/klauspost/cpuid"
  packages = ["."]
  revision = "ae7887de9fa5d2db4eaa8174a7eff2c1ac00f2da"
  version = "v1.1"

[[projects]]
  name = "github.com/klauspost/crc32"
  packages = ["."]
  revision = "cb6bfca970f6908083f26f39a79009d608efd5cd"
  version = "v1.1"

[[projects]]
  branch = "master"
  name = "github.com/lib/pq"
  packages = [
    ".",
    "oid"
  ]
  revision = "90697d60dd844d5ef6ff15135d0203f65d2f53b8"

[[projects]]
  branch = "master"
  name = "golang.org/x/crypto"
  packages = ["pbkdf2"]
  revision = "df8d4716b3472e4a531c33cedbe537dae921a1a9"

[[projects]]
  name = "google.golang.org/appengine"
  packages = ["cloudsql"]
  revision = "150dc57a1b433e64154302bdc40b6bb8aefa313a"
  version = "v1.0.0"

[[projects]]
  name = "gopkg.in/ini.v1"
  packages = ["."]
  revision = "06f5f3d67269ccec1fe5fe4134ba6e982984f7f5"
  version = "v1.37.0"

[[projects]]
  name = "gopkg.in/macaron.v1"
  packages = ["."]
  revision = "c1be95e6d21e769e44e1ec33cec9da5837861c10"
  version = "v1.3.1"

[solve-meta]
  analyzer-name = "dep"
  analyzer-version = 1
  inputs-digest = "fa29cb546012db737a138ce64e6b88cc96b18d9f0599137b766932cc6891775b"
  solver-name = "gps-cdcl"
  solver-version = 1
